
Microsoft Visual Studio Solution File, Format Version 12.00
# Visual Studio Version 16
VisualStudioVersion = 16.0.29418.71
MinimumVisualStudioVersion = 10.0.40219.1
Project("{FAE04EC0-301F-11D3-BF4B-00C04F79EFBC}") = "AzureKeyVaultMSI", "AzureKeyVaultMSI.csproj", "{A639F504-254F-4738-A6D0-307453E8BF00}"
EndProject
Global
	GlobalSection(SolutionConfigurationPlatforms) = preSolution
		Debug|Any CPU = Debug|Any CPU
		Release|Any CPU = Release|Any CPU
	EndGlobalSection
	GlobalSection(ProjectConfigurationPlatforms) = postSolution
		{A639F504-254F-4738-A6D0-307453E8BF00}.Debug|Any CPU.ActiveCfg = Debug|Any CPU
		{A639F504-254F-4738-A6D0-307453E8BF00}.Debug|Any CPU.Build.0 = Debug|Any CPU
		{A639F504-254F-4738-A6D0-307453E8BF00}.Release|Any CPU.ActiveCfg = Release|Any CPU
		{A639F504-254F-4738-A6D0-307453E8BF00}.Release|Any CPU.Build.0 = Release|Any CPU
	EndGlobalSection
	GlobalSection(SolutionProperties) = preSolution
		HideSolutionNode = FALSE
	EndGlobalSection
	GlobalSection(ExtensibilityGlobals) = postSolution
		SolutionGuid = {0765B7EF-2A9E-4C01-AE53-DBBF106D4843}
	EndGlobalSection
EndGlobal
